{
  "name": "silly-software",
  "version": "1.0.0",
  "lockfileVersion": 3,
  "requires": true,
  "packages": {
    "": {
      "name": "silly-software",
      "version": "1.0.0",
      "license": "ISC",
      "dependencies": {
        "some-silly-package": "^1.0.0"
      },
      "devDependencies": {
        "the-flag": "^1.0.1"
      }
    },
    "node_modules/some-silly-package": {
      "version": "1.0.0",
      "resolved": "https://npm.fury.io/vikectf2024/~/up/ver_2krJN9/some-silly-package-1.0.0.tgz",
      "integrity": "sha512-Y/8r6IA8WWy1sxPhAcpuAYelZeiQ9McxzsKvdM6w/13KvXIapIbSS02xxjdW/JppkYRGJFVXQuiTDmRPDCdLqQ==",
      "license": "ISC"
    },
    "node_modules/the-flag": {
      "version": "1.0.1",
      "resolved": "https://npm.fury.io/vikectf2024/~/up/ver_26bVeh/the-flag-1.0.1.tgz",
      "integrity": "sha512-Jo9MgTsSJBSJVfEQ/hXN+Ix+08TzC4fYuk3HKv6YEHTy9RyPbg3yn98wn4+NB06DteaGGMibaSeZW9O6+Ir/jw==",
      "dev": true
    }
  }
}
